
Microsoft Visual Studio Solution File, Format Version 12.00
# Visual Studio Version 16
VisualStudioVersion = 16.0.28803.156
MinimumVisualStudioVersion = 10.0.40219.1
Project("{9A19103F-16F7-4668-BE54-9A1E7A4F7556}") = "RabbitMQ.Client.Core.DependencyInjection", "src\RabbitMQ.Client.Core.DependencyInjection\RabbitMQ.Client.Core.DependencyInjection.csproj", "{0C8EA737-64AC-4C41-8F80-11BFFEE23CE2}"
EndProject
Project("{2150E333-8FDC-42A3-9474-1A3956D46DE8}") = "Solution Items", "Solution Items", "{98236217-C249-4D30-8646-B1FCF4070910}"
	ProjectSection(SolutionItems) = preProject
		.gitignore = .gitignore
		icon.png = icon.png
		LICENSE.txt = LICENSE.txt
		README.md = README.md
	EndProjectSection
EndProject
Project("{2150E333-8FDC-42A3-9474-1A3956D46DE8}") = "src", "src", "{19ADB6D2-AC61-476A-9FF4-F827574658C7}"
EndProject
Project("{9A19103F-16F7-4668-BE54-9A1E7A4F7556}") = "Examples.ConsumerHost", "examples\Examples.ConsumerHost\Examples.ConsumerHost.csproj", "{10C10C9D-F2ED-43C8-B235-780DD75EF8E6}"
EndProject
Project("{9A19103F-16F7-4668-BE54-9A1E7A4F7556}") = "Examples.ConsumerConsole", "examples\Examples.ConsumerConsole\Examples.ConsumerConsole.csproj", "{6E75E157-373A-4056-898B-3713CDD5C06C}"
EndProject
Project("{9A19103F-16F7-4668-BE54-9A1E7A4F7556}") = "Examples.Producer", "examples\Examples.Producer\Examples.Producer.csproj", "{1F81E848-7781-448F-BBBB-6A1E509B76CC}"
EndProject
Project("{2150E333-8FDC-42A3-9474-1A3956D46DE8}") = "examples", "examples", "{04EFD8F7-5120-4072-9728-64203F6F4873}"
EndProject
Project("{2150E333-8FDC-42A3-9474-1A3956D46DE8}") = "docs", "docs", "{BC4CDBDE-4AEE-44B3-B00B-380EB1AC5E62}"
EndProject
Global
	GlobalSection(SolutionConfigurationPlatforms) = preSolution
		Debug|Any CPU = Debug|Any CPU
		Release|Any CPU = Release|Any CPU
	EndGlobalSection
	GlobalSection(ProjectConfigurationPlatforms) = postSolution
		{0C8EA737-64AC-4C41-8F80-11BFFEE23CE2}.Debug|Any CPU.ActiveCfg = Debug|Any CPU
		{0C8EA737-64AC-4C41-8F80-11BFFEE23CE2}.Debug|Any CPU.Build.0 = Debug|Any CPU
		{0C8EA737-64AC-4C41-8F80-11BFFEE23CE2}.Release|Any CPU.ActiveCfg = Release|Any CPU
		{0C8EA737-64AC-4C41-8F80-11BFFEE23CE2}.Release|Any CPU.Build.0 = Release|Any CPU
		{10C10C9D-F2ED-43C8-B235-780DD75EF8E6}.Debug|Any CPU.ActiveCfg = Debug|Any CPU
		{10C10C9D-F2ED-43C8-B235-780DD75EF8E6}.Debug|Any CPU.Build.0 = Debug|Any CPU
		{10C10C9D-F2ED-43C8-B235-780DD75EF8E6}.Release|Any CPU.ActiveCfg = Release|Any CPU
		{10C10C9D-F2ED-43C8-B235-780DD75EF8E6}.Release|Any CPU.Build.0 = Release|Any CPU
		{6E75E157-373A-4056-898B-3713CDD5C06C}.Debug|Any CPU.ActiveCfg = Debug|Any CPU
		{6E75E157-373A-4056-898B-3713CDD5C06C}.Debug|Any CPU.Build.0 = Debug|Any CPU
		{6E75E157-373A-4056-898B-3713CDD5C06C}.Release|Any CPU.ActiveCfg = Release|Any CPU
		{6E75E157-373A-4056-898B-3713CDD5C06C}.Release|Any CPU.Build.0 = Release|Any CPU
		{1F81E848-7781-448F-BBBB-6A1E509B76CC}.Debug|Any CPU.ActiveCfg = Debug|Any CPU
		{1F81E848-7781-448F-BBBB-6A1E509B76CC}.Debug|Any CPU.Build.0 = Debug|Any CPU
		{1F81E848-7781-448F-BBBB-6A1E509B76CC}.Release|Any CPU.ActiveCfg = Release|Any CPU
		{1F81E848-7781-448F-BBBB-6A1E509B76CC}.Release|Any CPU.Build.0 = Release|Any CPU
	EndGlobalSection
	GlobalSection(SolutionProperties) = preSolution
		HideSolutionNode = FALSE
	EndGlobalSection
	GlobalSection(NestedProjects) = preSolution
		{0C8EA737-64AC-4C41-8F80-11BFFEE23CE2} = {19ADB6D2-AC61-476A-9FF4-F827574658C7}
		{10C10C9D-F2ED-43C8-B235-780DD75EF8E6} = {04EFD8F7-5120-4072-9728-64203F6F4873}
		{6E75E157-373A-4056-898B-3713CDD5C06C} = {04EFD8F7-5120-4072-9728-64203F6F4873}
		{1F81E848-7781-448F-BBBB-6A1E509B76CC} = {04EFD8F7-5120-4072-9728-64203F6F4873}
	EndGlobalSection
	GlobalSection(ExtensibilityGlobals) = postSolution
		SolutionGuid = {0EBBD182-65B2-47F9-ABBE-64B5B8C9652F}
	EndGlobalSection
EndGlobal
