
Microsoft Visual Studio Solution File, Format Version 12.00
# Visual Studio 15
VisualStudioVersion = 15.0.28307.271
MinimumVisualStudioVersion = 10.0.40219.1
Project("{9A19103F-16F7-4668-BE54-9A1E7A4F7556}") = "RabbitMQ.Client.Core", "RabbitMQ.Client.Core\RabbitMQ.Client.Core.csproj", "{0C8EA737-64AC-4C41-8F80-11BFFEE23CE2}"
EndProject
Project("{2150E333-8FDC-42A3-9474-1A3956D46DE8}") = "Solution Items", "Solution Items", "{98236217-C249-4D30-8646-B1FCF4070910}"
	ProjectSection(SolutionItems) = preProject
		.gitignore = .gitignore
		LICENSE = LICENSE
	EndProjectSection
EndProject
Global
	GlobalSection(SolutionConfigurationPlatforms) = preSolution
		Debug|Any CPU = Debug|Any CPU
		Release|Any CPU = Release|Any CPU
	EndGlobalSection
	GlobalSection(ProjectConfigurationPlatforms) = postSolution
		{0C8EA737-64AC-4C41-8F80-11BFFEE23CE2}.Debug|Any CPU.ActiveCfg = Debug|Any CPU
		{0C8EA737-64AC-4C41-8F80-11BFFEE23CE2}.Debug|Any CPU.Build.0 = Debug|Any CPU
		{0C8EA737-64AC-4C41-8F80-11BFFEE23CE2}.Release|Any CPU.ActiveCfg = Release|Any CPU
		{0C8EA737-64AC-4C41-8F80-11BFFEE23CE2}.Release|Any CPU.Build.0 = Release|Any CPU
	EndGlobalSection
	GlobalSection(SolutionProperties) = preSolution
		HideSolutionNode = FALSE
	EndGlobalSection
	GlobalSection(ExtensibilityGlobals) = postSolution
		SolutionGuid = {0EBBD182-65B2-47F9-ABBE-64B5B8C9652F}
	EndGlobalSection
EndGlobal
